lockfileVersion: 5.3

specifiers:
  glsl-noise: ^0.0.0
  typescript: ^4.5.4
  vite: ^2.8.0
  vite-plugin-glslify: ^2.0.1

dependencies:
  glsl-noise: 0.0.0
  vite-plugin-glslify: 2.0.1_vite@2.8.6

devDependencies:
  typescript: 4.6.2
  vite: 2.8.6

packages:

  /@choojs/findup/0.2.1:
    resolution: {integrity: sha512-YstAqNb0MCN8PjdLCDfRsBcGVRN41f3vgLvaI0IrIcBp4AqILRSS0DeWNGkicC+f/zRIPJLc+9RURVSepwvfBw==}
    hasBin: true
    dependencies:
      commander: 2.20.3
    dev: false

  /@rollup/pluginutils/4.2.0:
    resolution: {integrity: sha512-2WUyJNRkyH5p487pGnn4tWAsxhEFKN/pT8CMgHshd5H+IXkOnKvKZwsz5ZWz+YCXkleZRAU5kwbfgF8CPfDRqA==}
    engines: {node: '>= 8.0.0'}
    dependencies:
      estree-walker: 2.0.2
      picomatch: 2.3.1
    dev: false

  /acorn/7.4.1:
    resolution: {integrity: sha512-nQyp0o1/mNdbTO1PO6kHkwSrmgZ0MT/jCCpNiwbUjGoRN4dlBhqJtoQuCnEOKzgTVwg0ZWiCoQy6SxMebQVh8A==}
    engines: {node: '>=0.4.0'}
    hasBin: true
    dev: false

  /astring/1.8.1:
    resolution: {integrity: sha512-Aj3mbwVzj7Vve4I/v2JYOPFkCGM2YS7OqQTNSxmUR+LECRpokuPgAYghePgr6SALDo5bD5DlfbSaYjOzGJZOLQ==}
    hasBin: true
    dev: false

  /bl/2.2.1:
    resolution: {integrity: sha512-6Pesp1w0DEX1N550i/uGV/TqucVL4AM/pgThFSN/Qq9si1/DF9aIHs1BxD8V/QU0HoeHO6cQRTAuYnLPKq1e4g==}
    dependencies:
      readable-stream: 2.3.7
      safe-buffer: 5.2.1
    dev: false

  /buffer-from/1.1.2:
    resolution: {integrity: sha512-E+XQCRwSbaaiChtv6k6Dwgc+bx+Bs6vuKJHHl5kox/BaKbhiXzqQOwK4cO22yElGp2OCmjwVhT3HmxgyPGnJfQ==}
    dev: false

  /commander/2.20.3:
    resolution: {integrity: sha512-GpVkmM8vF2vQUkj2LvZmD35JxeJOLCwJ9cUkugyk2nuhbv3+mJvpLYYt+0+USMxE+oj+ey/lJEnhZw75x/OMcQ==}
    dev: false

  /concat-stream/1.6.2:
    resolution: {integrity: sha512-27HBghJxjiZtIk3Ycvn/4kbJk/1uZuJFfuPEns6LaEvpvG1f0hTea8lilrouyo9mVc2GWdcEZ8OLoGmSADlrCw==}
    engines: {'0': node >= 0.8}
    dependencies:
      buffer-from: 1.1.2
      inherits: 2.0.4
      readable-stream: 2.3.7
      typedarray: 0.0.6
    dev: false

  /core-util-is/1.0.3:
    resolution: {integrity: sha512-ZQBvi1DcpJ4GDqanjucZ2Hj3wEO5pZDS89BWbkcrvdxksJorwUDDZamX9ldFkp9aw2lmBDLgkObEA4DWNJ9FYQ==}
    dev: false

  /deep-is/0.1.4:
    resolution: {integrity: sha512-oIPzksmTg4/MriiaYGO+okXDT7ztn/w3Eptv/+gSIdMdKsJo0u4CfYNFJPy+4SKMuCqGw2wxnA+URMg3t8a/bQ==}
    dev: false

  /duplexify/3.7.1:
    resolution: {integrity: sha512-07z8uv2wMyS51kKhD1KsdXJg5WQ6t93RneqRxUHnskXVtlYYkLqM0gqStQZ3pj073g687jPCHrqNfCzawLYh5g==}
    dependencies:
      end-of-stream: 1.4.4
      inherits: 2.0.4
      readable-stream: 2.3.7
      stream-shift: 1.0.1
    dev: false

  /end-of-stream/1.4.4:
    resolution: {integrity: sha512-+uw1inIHVPQoaVuHzRyXd21icM+cnt4CzD5rW+NC1wjOUSTOs+Te7FOv7AhN7vS9x/oIyhLP5PR1H+phQAHu5Q==}
    dependencies:
      once: 1.4.0
    dev: false

  /esbuild-android-64/0.14.25:
    resolution: {integrity: sha512-L5vCUk7TzFbBnoESNoXjU3x9+/+7TDIE/1mTfy/erAfvZAqC+S3sp/Qa9wkypFMcFvN9FzvESkTlpeQDolREtQ==}
    engines: {node: '>=12'}
    cpu: [x64]
    os: [android]
    requiresBuild: true
    dev: true
    optional: true

  /esbuild-android-arm64/0.14.25:
    resolution: {integrity: sha512-4jv5xPjM/qNm27T5j3ZEck0PvjgQtoMHnz4FzwF5zNP56PvY2CT0WStcAIl6jNlsuDdN63rk2HRBIsO6xFbcFw==}
    engines: {node: '>=12'}
    cpu: [arm64]
    os: [android]
    requiresBuild: true
    dev: true
    optional: true

  /esbuild-darwin-64/0.14.25:
    resolution: {integrity: sha512-TGp8tuudIxOyWd1+8aYPxQmC1ZQyvij/AfNBa35RubixD0zJ1vkKHVAzo0Zao1zcG6pNqiSyzfPto8vmg0s7oA==}
    engines: {node: '>=12'}
    cpu: [x64]
    os: [darwin]
    requiresBuild: true
    dev: true
    optional: true

  /esbuild-darwin-arm64/0.14.25:
    resolution: {integrity: sha512-oTcDgdm0MDVEmw2DWu8BV68pYuImpFgvWREPErBZmNA4MYKGuBRaCiJqq6jZmBR1x+3y1DWCjez+5uLtuAm6mw==}
    engines: {node: '>=12'}
    cpu: [arm64]
    os: [darwin]
    requiresBuild: true
    dev: true
    optional: true

  /esbuild-freebsd-64/0.14.25:
    resolution: {integrity: sha512-ueAqbnMZ8arnuLH8tHwTCQYeptnHOUV7vA6px6j4zjjQwDx7TdP7kACPf3TLZLdJQ3CAD1XCvQ2sPhX+8tacvQ==}
    engines: {node: '>=12'}
    cpu: [x64]
    os: [freebsd]
    requiresBuild: true
    dev: true
    optional: true

  /esbuild-freebsd-arm64/0.14.25:
    resolution: {integrity: sha512-+ZVWud2HKh+Ob6k/qiJWjBtUg4KmJGGmbvEXXW1SNKS7hW7HU+Zq2ZCcE1akFxOPkVB+EhOty/sSek30tkCYug==}
    engines: {node: '>=12'}
    cpu: [arm64]
    os: [freebsd]
    requiresBuild: true
    dev: true
    optional: true

  /esbuild-linux-32/0.14.25:
    resolution: {integrity: sha512-3OP/lwV3kCzEz45tobH9nj+uE4ubhGsfx+tn0L26WAGtUbmmcRpqy7XRG/qK7h1mClZ+eguIANcQntYMdYklfw==}
    engines: {node: '>=12'}
    cpu: [ia32]
    os: [linux]
    requiresBuild: true
    dev: true
    optional: true

  /esbuild-linux-64/0.14.25:
    resolution: {integrity: sha512-+aKHdHZmX9qwVlQmu5xYXh7GsBFf4TWrePgeJTalhXHOG7NNuUwoHmketGiZEoNsWyyqwH9rE5BC+iwcLY30Ug==}
    engines: {node: '>=12'}
    cpu: [x64]
    os: [linux]
    requiresBuild: true
    dev: true
    optional: true

  /esbuild-linux-arm/0.14.25:
    resolution: {integrity: sha512-aTLcE2VBoLydL943REcAcgnDi3bHtmULSXWLbjtBdtykRatJVSxKMjK9YlBXUZC4/YcNQfH7AxwVeQr9fNxPhw==}
    engines: {node: '>=12'}
    cpu: [arm]
    os: [linux]
    requiresBuild: true
    dev: true
    optional: true

  /esbuild-linux-arm64/0.14.25:
    resolution: {integrity: sha512-UxfenPx/wSZx55gScCImPtXekvZQLI2GW3qe5dtlmU7luiqhp5GWPzGeQEbD3yN3xg/pHc671m5bma5Ns7lBHw==}
    engines: {node: '>=12'}
    cpu: [arm64]
    os: [linux]
    requiresBuild: true
    dev: true
    optional: true

  /esbuild-linux-mips64le/0.14.25:
    resolution: {integrity: sha512-wLWYyqVfYx9Ur6eU5RT92yJVsaBGi5RdkoWqRHOqcJ38Kn60QMlcghsKeWfe9jcYut8LangYZ98xO1LxIoSXrQ==}
    engines: {node: '>=12'}
    cpu: [mips64el]
    os: [linux]
    requiresBuild: true
    dev: true
    optional: true

  /esbuild-linux-ppc64le/0.14.25:
    resolution: {integrity: sha512-0dR6Csl6Zas3g4p9ULckEl8Mo8IInJh33VCJ3eaV1hj9+MHGdmDOakYMN8MZP9/5nl+NU/0ygpd14cWgy8uqRw==}
    engines: {node: '>=12'}
    cpu: [ppc64]
    os: [linux]
    requiresBuild: true
    dev: true
    optional: true

  /esbuild-linux-riscv64/0.14.25:
    resolution: {integrity: sha512-J4d20HDmTrgvhR0bdkDhvvJGaikH3LzXQnNaseo8rcw9Yqby9A90gKUmWpfwqLVNRILvNnAmKLfBjCKU9ajg8w==}
    engines: {node: '>=12'}
    cpu: [riscv64]
    os: [linux]
    requiresBuild: true
    dev: true
    optional: true

  /esbuild-linux-s390x/0.14.25:
    resolution: {integrity: sha512-YI2d5V6nTE73ZnhEKQD7MtsPs1EtUZJ3obS21oxQxGbbRw1G+PtJKjNyur+3t6nzHP9oTg6GHQ3S3hOLLmbDIQ==}
    engines: {node: '>=12'}
    cpu: [s390x]
    os: [linux]
    requiresBuild: true
    dev: true
    optional: true

  /esbuild-netbsd-64/0.14.25:
    resolution: {integrity: sha512-TKIVgNWLUOkr+Exrye70XTEE1lJjdQXdM4tAXRzfHE9iBA7LXWcNtVIuSnphTqpanPzTDFarF0yqq4kpbC6miA==}
    engines: {node: '>=12'}
    cpu: [x64]
    os: [netbsd]
    requiresBuild: true
    dev: true
    optional: true

  /esbuild-openbsd-64/0.14.25:
    resolution: {integrity: sha512-QgFJ37A15D7NIXBTYEqz29+uw3nNBOIyog+3kFidANn6kjw0GHZ0lEYQn+cwjyzu94WobR+fes7cTl/ZYlHb1A==}
    engines: {node: '>=12'}
    cpu: [x64]
    os: [openbsd]
    requiresBuild: true
    dev: true
    optional: true

  /esbuild-sunos-64/0.14.25:
    resolution: {integrity: sha512-rmWfjUItYIVlqr5EnTH1+GCxXiBOC42WBZ3w++qh7n2cS9Xo0lO5pGSG2N+huOU2fX5L+6YUuJ78/vOYvefeFw==}
    engines: {node: '>=12'}
    cpu: [x64]
    os: [sunos]
    requiresBuild: true
    dev: true
    optional: true

  /esbuild-windows-32/0.14.25:
    resolution: {integrity: sha512-HGAxVUofl3iUIz9W10Y9XKtD0bNsK9fBXv1D55N/ljNvkrAYcGB8YCm0v7DjlwtyS6ws3dkdQyXadbxkbzaKOA==}
    engines: {node: '>=12'}
    cpu: [ia32]
    os: [win32]
    requiresBuild: true
    dev: true
    optional: true

  /esbuild-windows-64/0.14.25:
    resolution: {integrity: sha512-TirEohRkfWU9hXLgoDxzhMQD1g8I2mOqvdQF2RS9E/wbkORTAqJHyh7wqGRCQAwNzdNXdg3JAyhQ9/177AadWA==}
    engines: {node: '>=12'}
    cpu: [x64]
    os: [win32]
    requiresBuild: true
    dev: true
    optional: true

  /esbuild-windows-arm64/0.14.25:
    resolution: {integrity: sha512-4ype9ERiI45rSh+R8qUoBtaj6kJvUOI7oVLhKqPEpcF4Pa5PpT3hm/mXAyotJHREkHpM87PAJcA442mLnbtlNA==}
    engines: {node: '>=12'}
    cpu: [arm64]
    os: [win32]
    requiresBuild: true
    dev: true
    optional: true

  /esbuild/0.14.25:
    resolution: {integrity: sha512-4JHEIOMNFvK09ziiL+iVmldIhLbn49V4NAVo888tcGFKedEZY/Y8YapfStJ6zSE23tzYPKxqKwQBnQoIO0BI/Q==}
    engines: {node: '>=12'}
    hasBin: true
    requiresBuild: true
    optionalDependencies:
      esbuild-android-64: 0.14.25
      esbuild-android-arm64: 0.14.25
      esbuild-darwin-64: 0.14.25
      esbuild-darwin-arm64: 0.14.25
      esbuild-freebsd-64: 0.14.25
      esbuild-freebsd-arm64: 0.14.25
      esbuild-linux-32: 0.14.25
      esbuild-linux-64: 0.14.25
      esbuild-linux-arm: 0.14.25
      esbuild-linux-arm64: 0.14.25
      esbuild-linux-mips64le: 0.14.25
      esbuild-linux-ppc64le: 0.14.25
      esbuild-linux-riscv64: 0.14.25
      esbuild-linux-s390x: 0.14.25
      esbuild-netbsd-64: 0.14.25
      esbuild-openbsd-64: 0.14.25
      esbuild-sunos-64: 0.14.25
      esbuild-windows-32: 0.14.25
      esbuild-windows-64: 0.14.25
      esbuild-windows-arm64: 0.14.25
    dev: true

  /escodegen/1.14.3:
    resolution: {integrity: sha512-qFcX0XJkdg+PB3xjZZG/wKSuT1PnQWx57+TVSjIMmILd2yC/6ByYElPwJnslDsuWuSAp4AwJGumarAAmJch5Kw==}
    engines: {node: '>=4.0'}
    hasBin: true
    dependencies:
      esprima: 4.0.1
      estraverse: 4.3.0
      esutils: 2.0.3
      optionator: 0.8.3
    optionalDependencies:
      source-map: 0.6.1
    dev: false

  /esprima/4.0.1:
    resolution: {integrity: sha512-eGuFFw7Upda+g4p+QHvnW0RyTX/SVeJBDM/gCtMARO0cLuT2HcEKnTPvhjV6aGeqrCB/sbNop0Kszm0jsaWU4A==}
    engines: {node: '>=4'}
    hasBin: true
    dev: false

  /estraverse/4.3.0:
    resolution: {integrity: sha512-39nnKffWz8xN1BU/2c79n9nB9HDzo0niYUqx6xyqUnyoAnQyyWpOTdZEeiCch8BBu515t4wp9ZmgVfVhn9EBpw==}
    engines: {node: '>=4.0'}
    dev: false

  /estree-walker/2.0.2:
    resolution: {integrity: sha512-Rfkk/Mp/DL7JVje3u18FxFujQlTNR2q6QfMSMB7AvCBx91NGj/ba3kCfza0f6dVDbw7YlRf/nDrn7pQrCCyQ/w==}
    dev: false

  /esutils/2.0.3:
    resolution: {integrity: sha512-kVscqXk4OCp68SZ0dkgEKVi6/8ij300KBWTJq32P/dYeWTSwK41WyTxalN1eRmA5Z9UU/LX9D7FWSmV9SAYx6g==}
    engines: {node: '>=0.10.0'}
    dev: false

  /events/3.3.0:
    resolution: {integrity: sha512-mQw+2fkQbALzQ7V0MY0IqdnXNOeTtP4r0lN9z7AAawCXgqea7bDii20AYrIBrFd/Hx0M2Ocz6S111CaFkUcb0Q==}
    engines: {node: '>=0.8.x'}
    dev: false

  /falafel/2.2.4:
    resolution: {integrity: sha512-0HXjo8XASWRmsS0X1EkhwEMZaD3Qvp7FfURwjLKjG1ghfRm/MGZl2r4cWUTv41KdNghTw4OUMmVtdGQp3+H+uQ==}
    engines: {node: '>=0.4.0'}
    dependencies:
      acorn: 7.4.1
      foreach: 2.0.5
      isarray: 2.0.5
      object-keys: 1.1.1
    dev: false

  /fast-levenshtein/2.0.6:
    resolution: {integrity: sha1-PYpcZog6FqMMqGQ+hR8Zuqd5eRc=}
    dev: false

  /foreach/2.0.5:
    resolution: {integrity: sha1-C+4AUBiusmDQo6865ljdATbsG5k=}
    dev: false

  /from2/2.3.0:
    resolution: {integrity: sha1-i/tVAr3kpNNs/e6gB/zKIdfjgq8=}
    dependencies:
      inherits: 2.0.4
      readable-stream: 2.3.7
    dev: false

  /fsevents/2.3.2:
    resolution: {integrity: sha512-xiqMQR4xAeHTuB9uWm+fFRcIOgKBMiOBP+eXiyT7jsgVCq1bkVygt00oASowB7EdtpOHaaPgKt812P9ab+DDKA==}
    engines: {node: ^8.16.0 || ^10.6.0 || >=11.0.0}
    os: [darwin]
    requiresBuild: true
    dev: true
    optional: true

  /function-bind/1.1.1:
    resolution: {integrity: sha512-yIovAzMX49sF8Yl58fSCWJ5svSLuaibPxXQJFLmBObTuCr0Mf1KiPopGM9NiFjiYBCbfaa2Fh6breQ6ANVTI0A==}

  /glsl-inject-defines/1.0.3:
    resolution: {integrity: sha1-3RqswsF/yyvT/DJBHGYz0Ne2D9Q=}
    dependencies:
      glsl-token-inject-block: 1.1.0
      glsl-token-string: 1.0.1
      glsl-tokenizer: 2.1.5
    dev: false

  /glsl-noise/0.0.0:
    resolution: {integrity: sha1-NndF86MzgsDu7Ey1S36Zz8HXZws=}
    dev: false

  /glsl-resolve/0.0.1:
    resolution: {integrity: sha1-iUvvc5ENeSyBtRQxgANdCnivdtM=}
    dependencies:
      resolve: 0.6.3
      xtend: 2.2.0
    dev: false

  /glsl-token-assignments/2.0.2:
    resolution: {integrity: sha1-pdgqt4SZwuimuDy2lJXm5mXOAZ8=}
    dev: false

  /glsl-token-defines/1.0.0:
    resolution: {integrity: sha1-y4kqqVmTYjFyhHDU90AySJaX+p0=}
    dependencies:
      glsl-tokenizer: 2.1.5
    dev: false

  /glsl-token-depth/1.1.2:
    resolution: {integrity: sha1-I8XjDuK9JViEtKKLyFC495HpXYQ=}
    dev: false

  /glsl-token-descope/1.0.2:
    resolution: {integrity: sha1-D8kKsyYYa4L1l7LnfcniHvzTIHY=}
    dependencies:
      glsl-token-assignments: 2.0.2
      glsl-token-depth: 1.1.2
      glsl-token-properties: 1.0.1
      glsl-token-scope: 1.1.2
    dev: false

  /glsl-token-inject-block/1.1.0:
    resolution: {integrity: sha1-4QFfWYDBCRgkraomJfHf3ovQADQ=}
    dev: false

  /glsl-token-properties/1.0.1:
    resolution: {integrity: sha1-SD3D2Dnw1LXGFx0VkfJJvlPCip4=}
    dev: false

  /glsl-token-scope/1.1.2:
    resolution: {integrity: sha1-oXKOeN8kRE+cuT/RjvD3VQOmQ7E=}
    dev: false

  /glsl-token-string/1.0.1:
    resolution: {integrity: sha1-WUQdL4V958NEnJRWZgIezjWOSOw=}
    dev: false

  /glsl-token-whitespace-trim/1.0.0:
    resolution: {integrity: sha1-RtHf6Yx1vX1QTAXX0RsbPpzJOxA=}
    dev: false

  /glsl-tokenizer/2.1.5:
    resolution: {integrity: sha512-XSZEJ/i4dmz3Pmbnpsy3cKh7cotvFlBiZnDOwnj/05EwNp2XrhQ4XKJxT7/pDt4kp4YcpRSKz8eTV7S+mwV6MA==}
    dependencies:
      through2: 0.6.5
    dev: false

  /glslify-bundle/5.1.1:
    resolution: {integrity: sha512-plaAOQPv62M1r3OsWf2UbjN0hUYAB7Aph5bfH58VxJZJhloRNbxOL9tl/7H71K7OLJoSJ2ZqWOKk3ttQ6wy24A==}
    dependencies:
      glsl-inject-defines: 1.0.3
      glsl-token-defines: 1.0.0
      glsl-token-depth: 1.1.2
      glsl-token-descope: 1.0.2
      glsl-token-scope: 1.1.2
      glsl-token-string: 1.0.1
      glsl-token-whitespace-trim: 1.0.0
      glsl-tokenizer: 2.1.5
      murmurhash-js: 1.0.0
      shallow-copy: 0.0.1
    dev: false

  /glslify-deps/1.3.2:
    resolution: {integrity: sha512-7S7IkHWygJRjcawveXQjRXLO2FTjijPDYC7QfZyAQanY+yGLCFHYnPtsGT9bdyHiwPTw/5a1m1M9hamT2aBpag==}
    dependencies:
      '@choojs/findup': 0.2.1
      events: 3.3.0
      glsl-resolve: 0.0.1
      glsl-tokenizer: 2.1.5
      graceful-fs: 4.2.9
      inherits: 2.0.4
      map-limit: 0.0.1
      resolve: 1.22.0
    dev: false

  /glslify/7.1.1:
    resolution: {integrity: sha512-bud98CJ6kGZcP9Yxcsi7Iz647wuDz3oN+IZsjCRi5X1PI7t/xPKeL0mOwXJjo+CRZMqvq0CkSJiywCcY7kVYog==}
    hasBin: true
    dependencies:
      bl: 2.2.1
      concat-stream: 1.6.2
      duplexify: 3.7.1
      falafel: 2.2.4
      from2: 2.3.0
      glsl-resolve: 0.0.1
      glsl-token-whitespace-trim: 1.0.0
      glslify-bundle: 5.1.1
      glslify-deps: 1.3.2
      minimist: 1.2.5
      resolve: 1.22.0
      stack-trace: 0.0.9
      static-eval: 2.1.0
      through2: 2.0.5
      xtend: 4.0.2
    dev: false

  /graceful-fs/4.2.9:
    resolution: {integrity: sha512-NtNxqUcXgpW2iMrfqSfR73Glt39K+BLwWsPs94yR63v45T0Wbej7eRmL5cWfwEgqXnmjQp3zaJTshdRW/qC2ZQ==}
    dev: false

  /has/1.0.3:
    resolution: {integrity: sha512-f2dvO0VU6Oej7RkWJGrehjbzMAjFp5/VKPp5tTpWIV4JHHZK1/BxbFRtf/siA2SWTe09caDmVtYYzWEIbBS4zw==}
    engines: {node: '>= 0.4.0'}
    dependencies:
      function-bind: 1.1.1

  /inherits/2.0.4:
    resolution: {integrity: sha512-k/vGaX4/Yla3WzyMCvTQOXYeIHvqOKtnqBduzTHpzpQZzAskKMhZ2K+EnBiSM9zGSoIFeMpXKxa4dYeZIQqewQ==}
    dev: false

  /is-core-module/2.8.1:
    resolution: {integrity: sha512-SdNCUs284hr40hFTFP6l0IfZ/RSrMXF3qgoRHd3/79unUTvrFO/JoXwkGm+5J/Oe3E/b5GsnG330uUNgRpu1PA==}
    dependencies:
      has: 1.0.3

  /isarray/0.0.1:
    resolution: {integrity: sha1-ihis/Kmo9Bd+Cav8YDiTmwXR7t8=}
    dev: false

  /isarray/1.0.0:
    resolution: {integrity: sha1-u5NdSFgsuhaMBoNJV6VKPgcSTxE=}
    dev: false

  /isarray/2.0.5:
    resolution: {integrity: sha512-xHjhDr3cNBK0BzdUJSPXZntQUx/mwMS5Rw4A7lPJ90XGAO6ISP/ePDNuo0vhqOZU+UD5JoodwCAAoZQd3FeAKw==}
    dev: false

  /levn/0.3.0:
    resolution: {integrity: sha1-OwmSTt+fCDwEkP3UwLxEIeBHZO4=}
    engines: {node: '>= 0.8.0'}
    dependencies:
      prelude-ls: 1.1.2
      type-check: 0.3.2
    dev: false

  /magic-string/0.25.9:
    resolution: {integrity: sha512-RmF0AsMzgt25qzqqLc1+MbHmhdx0ojF2Fvs4XnOqz2ZOBXzzkEwc/dJQZCYHAn7v1jbVOjAZfK8msRn4BxO4VQ==}
    dependencies:
      sourcemap-codec: 1.4.8
    dev: false

  /map-limit/0.0.1:
    resolution: {integrity: sha1-63lhAxwPDo0AG/LVb6toXViCLzg=}
    dependencies:
      once: 1.3.3
    dev: false

  /minimist/1.2.5:
    resolution: {integrity: sha512-FM9nNUYrRBAELZQT3xeZQ7fmMOBg6nWNmJKTcgsJeaLstP/UODVpGsr5OhXhhXg6f+qtJ8uiZ+PUxkDWcgIXLw==}
    dev: false

  /murmurhash-js/1.0.0:
    resolution: {integrity: sha1-sGJ44h/Gw3+lMTcysEEry2rhX1E=}
    dev: false

  /nanoid/3.3.1:
    resolution: {integrity: sha512-n6Vs/3KGyxPQd6uO0eH4Bv0ojGSUvuLlIHtC3Y0kEO23YRge8H9x1GCzLn28YX0H66pMkxuaeESFq4tKISKwdw==}
    engines: {node: ^10 || ^12 || ^13.7 || ^14 || >=15.0.1}
    hasBin: true
    dev: true

  /object-keys/1.1.1:
    resolution: {integrity: sha512-NuAESUOUMrlIXOfHKzD6bpPu3tYt3xvjNdRIQ+FeT0lNb4K8WR70CaDxhuNguS2XG+GjkyMwOzsN5ZktImfhLA==}
    engines: {node: '>= 0.4'}
    dev: false

  /once/1.3.3:
    resolution: {integrity: sha1-suJhVXzkwxTsgwTz+oJmPkKXyiA=}
    dependencies:
      wrappy: 1.0.2
    dev: false

  /once/1.4.0:
    resolution: {integrity: sha1-WDsap3WWHUsROsF9nFC6753Xa9E=}
    dependencies:
      wrappy: 1.0.2
    dev: false

  /optionator/0.8.3:
    resolution: {integrity: sha512-+IW9pACdk3XWmmTXG8m3upGUJst5XRGzxMRjXzAuJ1XnIFNvfhjjIuYkDvysnPQ7qzqVzLt78BCruntqRhWQbA==}
    engines: {node: '>= 0.8.0'}
    dependencies:
      deep-is: 0.1.4
      fast-levenshtein: 2.0.6
      levn: 0.3.0
      prelude-ls: 1.1.2
      type-check: 0.3.2
      word-wrap: 1.2.3
    dev: false

  /path-parse/1.0.7:
    resolution: {integrity: sha512-LDJzPVEEEPR+y48z93A0Ed0yXb8pAByGWo/k5YYdYgpY2/2EsOsksJrq7lOHxryrVOn1ejG6oAp8ahvOIQD8sw==}

  /picocolors/1.0.0:
    resolution: {integrity: sha512-1fygroTLlHu66zi26VoTDv8yRgm0Fccecssto+MhsZ0D/DGW2sm8E8AjW7NU5VVTRt5GxbeZ5qBuJr+HyLYkjQ==}
    dev: true

  /picomatch/2.3.1:
    resolution: {integrity: sha512-JU3teHTNjmE2VCGFzuY8EXzCDVwEqB2a8fsIvwaStHhAWJEeVd1o1QD80CU6+ZdEXXSLbSsuLwJjkCBWqRQUVA==}
    engines: {node: '>=8.6'}
    dev: false

  /postcss/8.4.8:
    resolution: {integrity: sha512-2tXEqGxrjvAO6U+CJzDL2Fk2kPHTv1jQsYkSoMeOis2SsYaXRO2COxTdQp99cYvif9JTXaAk9lYGc3VhJt7JPQ==}
    engines: {node: ^10 || ^12 || >=14}
    dependencies:
      nanoid: 3.3.1
      picocolors: 1.0.0
      source-map-js: 1.0.2
    dev: true

  /prelude-ls/1.1.2:
    resolution: {integrity: sha1-IZMqVJ9eUv/ZqCf1cOBL5iqX2lQ=}
    engines: {node: '>= 0.8.0'}
    dev: false

  /process-nextick-args/2.0.1:
    resolution: {integrity: sha512-3ouUOpQhtgrbOa17J7+uxOTpITYWaGP7/AhoR3+A+/1e9skrzelGi/dXzEYyvbxubEF6Wn2ypscTKiKJFFn1ag==}
    dev: false

  /readable-stream/1.0.34:
    resolution: {integrity: sha1-Elgg40vIQtLyqq+v5MKRbuMsFXw=}
    dependencies:
      core-util-is: 1.0.3
      inherits: 2.0.4
      isarray: 0.0.1
      string_decoder: 0.10.31
    dev: false

  /readable-stream/2.3.7:
    resolution: {integrity: sha512-Ebho8K4jIbHAxnuxi7o42OrZgF/ZTNcsZj6nRKyUmkhLFq8CHItp/fy6hQZuZmP/n3yZ9VBUbp4zz/mX8hmYPw==}
    dependencies:
      core-util-is: 1.0.3
      inherits: 2.0.4
      isarray: 1.0.0
      process-nextick-args: 2.0.1
      safe-buffer: 5.1.2
      string_decoder: 1.1.1
      util-deprecate: 1.0.2
    dev: false

  /resolve/0.6.3:
    resolution: {integrity: sha1-3ZV5gufnNt699TtYpN2RdUV13UY=}
    dev: false

  /resolve/1.22.0:
    resolution: {integrity: sha512-Hhtrw0nLeSrFQ7phPp4OOcVjLPIeMnRlr5mcnVuMe7M/7eBn98A3hmFRLoFo3DLZkivSYwhRUJTyPyWAk56WLw==}
    hasBin: true
    dependencies:
      is-core-module: 2.8.1
      path-parse: 1.0.7
      supports-preserve-symlinks-flag: 1.0.0

  /rollup/2.70.0:
    resolution: {integrity: sha512-iEzYw+syFxQ0X9RefVwhr8BA2TNJsTaX8L8dhyeyMECDbmiba+8UQzcu+xZdji0+JQ+s7kouQnw+9Oz5M19XKA==}
    engines: {node: '>=10.0.0'}
    hasBin: true
    optionalDependencies:
      fsevents: 2.3.2
    dev: true

  /safe-buffer/5.1.2:
    resolution: {integrity: sha512-Gd2UZBJDkXlY7GbJxfsE8/nvKkUEU1G38c1siN6QP6a9PT9MmHB8GnpscSmMJSoF8LOIrt8ud/wPtojys4G6+g==}
    dev: false

  /safe-buffer/5.2.1:
    resolution: {integrity: sha512-rp3So07KcdmmKbGvgaNxQSJr7bGVSVk5S9Eq1F+ppbRo70+YeaDxkw5Dd8NPN+GD6bjnYm2VuPuCXmpuYvmCXQ==}
    dev: false

  /shallow-copy/0.0.1:
    resolution: {integrity: sha1-QV9CcC1z2BAzApLMXuhurhoRoXA=}
    dev: false

  /source-map-js/1.0.2:
    resolution: {integrity: sha512-R0XvVJ9WusLiqTCEiGCmICCMplcCkIwwR11mOSD9CR5u+IXYdiseeEuXCVAjS54zqwkLcPNnmU4OeJ6tUrWhDw==}
    engines: {node: '>=0.10.0'}
    dev: true

  /source-map/0.6.1:
    resolution: {integrity: sha512-UjgapumWlbMhkBgzT7Ykc5YXUT46F0iKu8SGXq0bcwP5dz/h0Plj6enJqjz1Zbq2l5WaqYnrVbwWOWMyF3F47g==}
    engines: {node: '>=0.10.0'}
    requiresBuild: true
    dev: false
    optional: true

  /sourcemap-codec/1.4.8:
    resolution: {integrity: sha512-9NykojV5Uih4lgo5So5dtw+f0JgJX30KCNI8gwhz2J9A15wD0Ml6tjHKwf6fTSa6fAdVBdZeNOs9eJ71qCk8vA==}
    dev: false

  /stack-trace/0.0.9:
    resolution: {integrity: sha1-qPbq7KkGdMMz58Q5U/J1tFFRBpU=}
    dev: false

  /static-eval/2.1.0:
    resolution: {integrity: sha512-agtxZ/kWSsCkI5E4QifRwsaPs0P0JmZV6dkLz6ILYfFYQGn+5plctanRN+IC8dJRiFkyXHrwEE3W9Wmx67uDbw==}
    dependencies:
      escodegen: 1.14.3
    dev: false

  /stream-shift/1.0.1:
    resolution: {integrity: sha512-AiisoFqQ0vbGcZgQPY1cdP2I76glaVA/RauYR4G4thNFgkTqr90yXTo4LYX60Jl+sIlPNHHdGSwo01AvbKUSVQ==}
    dev: false

  /string_decoder/0.10.31:
    resolution: {integrity: sha1-YuIDvEF2bGwoyfyEMB2rHFMQ+pQ=}
    dev: false

  /string_decoder/1.1.1:
    resolution: {integrity: sha512-n/ShnvDi6FHbbVfviro+WojiFzv+s8MPMHBczVePfUpDJLwoLT0ht1l4YwBCbi8pJAveEEdnkHyPyTP/mzRfwg==}
    dependencies:
      safe-buffer: 5.1.2
    dev: false

  /supports-preserve-symlinks-flag/1.0.0:
    resolution: {integrity: sha512-ot0WnXS9fgdkgIcePe6RHNk1WA8+muPa6cSjeR3V8K27q9BB1rTE3R1p7Hv0z1ZyAc8s6Vvv8DIyWf681MAt0w==}
    engines: {node: '>= 0.4'}

  /through2/0.6.5:
    resolution: {integrity: sha1-QaucZ7KdVyCQcUEOHXp6lozTrUg=}
    dependencies:
      readable-stream: 1.0.34
      xtend: 4.0.2
    dev: false

  /through2/2.0.5:
    resolution: {integrity: sha512-/mrRod8xqpA+IHSLyGCQ2s8SPHiCDEeQJSep1jqLYeEUClOFG2Qsh+4FU6G9VeqpZnGW/Su8LQGc4YKni5rYSQ==}
    dependencies:
      readable-stream: 2.3.7
      xtend: 4.0.2
    dev: false

  /type-check/0.3.2:
    resolution: {integrity: sha1-WITKtRLPHTVeP7eE8wgEsrUg23I=}
    engines: {node: '>= 0.8.0'}
    dependencies:
      prelude-ls: 1.1.2
    dev: false

  /typedarray/0.0.6:
    resolution: {integrity: sha1-hnrHTjhkGHsdPUfZlqeOxciDB3c=}
    dev: false

  /typescript/4.6.2:
    resolution: {integrity: sha512-HM/hFigTBHZhLXshn9sN37H085+hQGeJHJ/X7LpBWLID/fbc2acUMfU+lGD98X81sKP+pFa9f0DZmCwB9GnbAg==}
    engines: {node: '>=4.2.0'}
    hasBin: true
    dev: true

  /util-deprecate/1.0.2:
    resolution: {integrity: sha1-RQ1Nyfpw3nMnYvvS1KKJgUGaDM8=}
    dev: false

  /vite-plugin-glslify/2.0.1_vite@2.8.6:
    resolution: {integrity: sha512-bZeMZqYQUQE2TtQiUgQq1ephmMOrbnE/O7nwD+Wo/pA4IXLG5sduFEPLs8K1hzxbNoz9QkDxHee5+01x3GLHLg==}
    peerDependencies:
      vite: ^2.6.3
    dependencies:
      '@rollup/pluginutils': 4.2.0
      astring: 1.8.1
      glslify: 7.1.1
      magic-string: 0.25.9
      vite: 2.8.6
    dev: false

  /vite/2.8.6:
    resolution: {integrity: sha512-e4H0QpludOVKkmOsRyqQ7LTcMUDF3mcgyNU4lmi0B5JUbe0ZxeBBl8VoZ8Y6Rfn9eFKYtdXNPcYK97ZwH+K2ug==}
    engines: {node: '>=12.2.0'}
    hasBin: true
    peerDependencies:
      less: '*'
      sass: '*'
      stylus: '*'
    peerDependenciesMeta:
      less:
        optional: true
      sass:
        optional: true
      stylus:
        optional: true
    dependencies:
      esbuild: 0.14.25
      postcss: 8.4.8
      resolve: 1.22.0
      rollup: 2.70.0
    optionalDependencies:
      fsevents: 2.3.2
    dev: true

  /word-wrap/1.2.3:
    resolution: {integrity: sha512-Hz/mrNwitNRh/HUAtM/VT/5VH+ygD6DV7mYKZAtHOrbs8U7lvPS6xf7EJKMF0uW1KJCl0H701g3ZGus+muE5vQ==}
    engines: {node: '>=0.10.0'}
    dev: false

  /wrappy/1.0.2:
    resolution: {integrity: sha1-tSQ9jz7BqjXxNkYFvA0QNuMKtp8=}
    dev: false

  /xtend/2.2.0:
    resolution: {integrity: sha1-7vax8ZjByN6vrYsXZaBNrUoBxak=}
    engines: {node: '>=0.4'}
    dev: false

  /xtend/4.0.2:
    resolution: {integrity: sha512-LKYU1iAXJXUgAXn9URjiu+MWhyUXHsvfp7mcuYm9dSUKK0/CjtrUwFAxD82/mCWbtLsGjFIad0wIsod4zrTAEQ==}
    engines: {node: '>=0.4'}
    dev: false
